
Microsoft Visual Studio Solution File, Format Version 12.00
# Visual Studio 2012
Project("{2150E333-8FDC-42A3-9474-1A3956D46DE8}") = "Presentation", "Presentation", "{239147DB-6FD0-47D7-9EC4-5EC1F41F4785}"
EndProject
Project("{2150E333-8FDC-42A3-9474-1A3956D46DE8}") = "Stategy", "Stategy", "{E53C49A5-66A9-47E3-BF23-69866A7B8482}"
EndProject
Project("{FAE04EC0-301F-11D3-BF4B-00C04F79EFBC}") = "Services", "Services\Services.csproj", "{1FECDCDB-856A-41E2-8D58-DC8E6F814614}"
EndProject
Project("{FAE04EC0-301F-11D3-BF4B-00C04F79EFBC}") = "Data", "Data\Data.csproj", "{9546C11B-2FF4-4C1A-8A6D-506E8DFD8C32}"
EndProject
Project("{FAE04EC0-301F-11D3-BF4B-00C04F79EFBC}") = "Core", "Core\Core.csproj", "{D9DC8D22-DF4D-445D-9577-0CE48938972E}"
EndProject
Project("{2150E333-8FDC-42A3-9474-1A3956D46DE8}") = "Others", "Others", "{D5048DAF-9346-4C5C-BD07-A4491DF20A7E}"
EndProject
Project("{FAE04EC0-301F-11D3-BF4B-00C04F79EFBC}") = "线程", "Others\线程\线程.csproj", "{428D2966-076A-4143-B886-9CE0804B72F6}"
EndProject
Project("{FAE04EC0-301F-11D3-BF4B-00C04F79EFBC}") = "标准委托事件", "Others\标准委托事件\标准委托事件.csproj", "{71BDA0AE-D711-4173-A87F-14632DE8C220}"
EndProject
Project("{FAE04EC0-301F-11D3-BF4B-00C04F79EFBC}") = "WebConfig", "Others\xin\WebConfig.csproj", "{DE230C23-D378-4B95-AD90-48F4444451BA}"
EndProject
Project("{FAE04EC0-301F-11D3-BF4B-00C04F79EFBC}") = "SineCat", "Others\SineCat\SineCat.csproj", "{7890B255-DA15-4040-9B6A-7F116FE0867B}"
EndProject
Project("{FAE04EC0-301F-11D3-BF4B-00C04F79EFBC}") = "Token", "Others\Token\Token.csproj", "{57614C50-A8EE-4C05-93E8-D21DFD5DA689}"
EndProject
Project("{FAE04EC0-301F-11D3-BF4B-00C04F79EFBC}") = "Canvas", "Others\Canvas\Canvas.csproj", "{5F1A11D4-DD13-4C26-91BC-97C057D3DE5C}"
EndProject
Project("{FAE04EC0-301F-11D3-BF4B-00C04F79EFBC}") = "LargeHide", "Others\DongH\LargeHide.csproj", "{31D7A45F-49F3-4A11-8A0A-B73C7399EF3B}"
EndProject
Project("{FAE04EC0-301F-11D3-BF4B-00C04F79EFBC}") = "商场管理软件", "Others\商场管理软件05反射\商场管理软件\商场管理软件.csproj", "{46E50AC9-D60B-4542-AD89-FB2C18988B28}"
EndProject
Project("{FAE04EC0-301F-11D3-BF4B-00C04F79EFBC}") = "Calculator", "Others\Calculator\Calculator\Calculator.csproj", "{FEC4383A-E9D2-4009-B805-85D82EE854B6}"
EndProject
Project("{FAE04EC0-301F-11D3-BF4B-00C04F79EFBC}") = "GameTest", "Others\GameTest\GameTest\GameTest.csproj", "{D987DC97-17BB-4B04-90AC-5CF510D83397}"
EndProject
Project("{FAE04EC0-301F-11D3-BF4B-00C04F79EFBC}") = "BootStrap", "Others\BootStrap\BootStrap.csproj", "{7FFB30E6-2D31-479F-9D5B-B543B9B77645}"
EndProject
Project("{FAE04EC0-301F-11D3-BF4B-00C04F79EFBC}") = "Redis", "Others\Redis\Redis.csproj", "{2F9169A4-8045-4B52-BBF7-8CBD4598705A}"
EndProject
Project("{FAE04EC0-301F-11D3-BF4B-00C04F79EFBC}") = "MemCache", "Others\MemCacheDemo\MemCache.csproj", "{5027D28A-04A9-40BD-B59B-2D5185E9A0E7}"
EndProject
Project("{FAE04EC0-301F-11D3-BF4B-00C04F79EFBC}") = "CeShi", "Presentation\CeShi\CeShi.csproj", "{97DDE8BD-FE9D-4168-B4D8-6B286F4F3803}"
EndProject
Project("{FAE04EC0-301F-11D3-BF4B-00C04F79EFBC}") = "TestStrategy", "Presentation\TestStrategy\TestStrategy.csproj", "{82F6B651-AC39-4842-B659-ED9B3E5FE2B3}"
EndProject
Project("{FAE04EC0-301F-11D3-BF4B-00C04F79EFBC}") = "CacheStrategy", "Stategy\CacheStrategy\CacheStrategy.csproj", "{B10AC700-8088-4CEB-9632-182F1F0BB3D4}"
EndProject
Project("{FAE04EC0-301F-11D3-BF4B-00C04F79EFBC}") = "ConfigStrategy", "Stategy\ConfigStrategy\ConfigStrategy.csproj", "{F3314A44-1F0B-4DC5-A53B-212C968F92DB}"
EndProject
Project("{FAE04EC0-301F-11D3-BF4B-00C04F79EFBC}") = "NOSQLStrategy", "Stategy\NOSQLStrategy\NOSQLStrategy.csproj", "{E62EBAD2-EAA2-4E7B-9E95-1C4E72B0E85B}"
EndProject
Project("{FAE04EC0-301F-11D3-BF4B-00C04F79EFBC}") = "ReadDataBaseStrategy", "Stategy\RDBSStrategy\ReadDataBaseStrategy.csproj", "{17A8E39A-A6E2-4CDE-9140-266EF5B5339A}"
EndProject
Project("{FAE04EC0-301F-11D3-BF4B-00C04F79EFBC}") = "Ajax", "Others\Ajax\Ajax.csproj", "{EDCEB886-DF9F-4268-AD89-82EFEAF28C81}"
EndProject
Project("{FAE04EC0-301F-11D3-BF4B-00C04F79EFBC}") = "EmailStrategy", "Stategy\EmailStrategy\EmailStrategy.csproj", "{B227F0AE-8DDA-42B8-9E79-E1D2BCDE39CB}"
EndProject
Global
	GlobalSection(SolutionConfigurationPlatforms) = preSolution
		Debug|Any CPU = Debug|Any CPU
		Release|Any CPU = Release|Any CPU
	EndGlobalSection
	GlobalSection(ProjectConfigurationPlatforms) = postSolution
		{1FECDCDB-856A-41E2-8D58-DC8E6F814614}.Debug|Any CPU.ActiveCfg = Debug|Any CPU
		{1FECDCDB-856A-41E2-8D58-DC8E6F814614}.Debug|Any CPU.Build.0 = Debug|Any CPU
		{1FECDCDB-856A-41E2-8D58-DC8E6F814614}.Release|Any CPU.ActiveCfg = Release|Any CPU
		{1FECDCDB-856A-41E2-8D58-DC8E6F814614}.Release|Any CPU.Build.0 = Release|Any CPU
		{9546C11B-2FF4-4C1A-8A6D-506E8DFD8C32}.Debug|Any CPU.ActiveCfg = Debug|Any CPU
		{9546C11B-2FF4-4C1A-8A6D-506E8DFD8C32}.Debug|Any CPU.Build.0 = Debug|Any CPU
		{9546C11B-2FF4-4C1A-8A6D-506E8DFD8C32}.Release|Any CPU.ActiveCfg = Release|Any CPU
		{9546C11B-2FF4-4C1A-8A6D-506E8DFD8C32}.Release|Any CPU.Build.0 = Release|Any CPU
		{D9DC8D22-DF4D-445D-9577-0CE48938972E}.Debug|Any CPU.ActiveCfg = Debug|Any CPU
		{D9DC8D22-DF4D-445D-9577-0CE48938972E}.Debug|Any CPU.Build.0 = Debug|Any CPU
		{D9DC8D22-DF4D-445D-9577-0CE48938972E}.Release|Any CPU.ActiveCfg = Release|Any CPU
		{D9DC8D22-DF4D-445D-9577-0CE48938972E}.Release|Any CPU.Build.0 = Release|Any CPU
		{428D2966-076A-4143-B886-9CE0804B72F6}.Debug|Any CPU.ActiveCfg = Debug|Any CPU
		{428D2966-076A-4143-B886-9CE0804B72F6}.Debug|Any CPU.Build.0 = Debug|Any CPU
		{428D2966-076A-4143-B886-9CE0804B72F6}.Release|Any CPU.ActiveCfg = Release|Any CPU
		{428D2966-076A-4143-B886-9CE0804B72F6}.Release|Any CPU.Build.0 = Release|Any CPU
		{71BDA0AE-D711-4173-A87F-14632DE8C220}.Debug|Any CPU.ActiveCfg = Debug|Any CPU
		{71BDA0AE-D711-4173-A87F-14632DE8C220}.Debug|Any CPU.Build.0 = Debug|Any CPU
		{71BDA0AE-D711-4173-A87F-14632DE8C220}.Release|Any CPU.ActiveCfg = Release|Any CPU
		{71BDA0AE-D711-4173-A87F-14632DE8C220}.Release|Any CPU.Build.0 = Release|Any CPU
		{DE230C23-D378-4B95-AD90-48F4444451BA}.Debug|Any CPU.ActiveCfg = Debug|Any CPU
		{DE230C23-D378-4B95-AD90-48F4444451BA}.Debug|Any CPU.Build.0 = Debug|Any CPU
		{DE230C23-D378-4B95-AD90-48F4444451BA}.Release|Any CPU.ActiveCfg = Release|Any CPU
		{DE230C23-D378-4B95-AD90-48F4444451BA}.Release|Any CPU.Build.0 = Release|Any CPU
		{7890B255-DA15-4040-9B6A-7F116FE0867B}.Debug|Any CPU.ActiveCfg = Debug|Any CPU
		{7890B255-DA15-4040-9B6A-7F116FE0867B}.Debug|Any CPU.Build.0 = Debug|Any CPU
		{7890B255-DA15-4040-9B6A-7F116FE0867B}.Release|Any CPU.ActiveCfg = Release|Any CPU
		{7890B255-DA15-4040-9B6A-7F116FE0867B}.Release|Any CPU.Build.0 = Release|Any CPU
		{57614C50-A8EE-4C05-93E8-D21DFD5DA689}.Debug|Any CPU.ActiveCfg = Debug|Any CPU
		{57614C50-A8EE-4C05-93E8-D21DFD5DA689}.Debug|Any CPU.Build.0 = Debug|Any CPU
		{57614C50-A8EE-4C05-93E8-D21DFD5DA689}.Release|Any CPU.ActiveCfg = Release|Any CPU
		{57614C50-A8EE-4C05-93E8-D21DFD5DA689}.Release|Any CPU.Build.0 = Release|Any CPU
		{5F1A11D4-DD13-4C26-91BC-97C057D3DE5C}.Debug|Any CPU.ActiveCfg = Debug|Any CPU
		{5F1A11D4-DD13-4C26-91BC-97C057D3DE5C}.Debug|Any CPU.Build.0 = Debug|Any CPU
		{5F1A11D4-DD13-4C26-91BC-97C057D3DE5C}.Release|Any CPU.ActiveCfg = Release|Any CPU
		{5F1A11D4-DD13-4C26-91BC-97C057D3DE5C}.Release|Any CPU.Build.0 = Release|Any CPU
		{31D7A45F-49F3-4A11-8A0A-B73C7399EF3B}.Debug|Any CPU.ActiveCfg = Debug|Any CPU
		{31D7A45F-49F3-4A11-8A0A-B73C7399EF3B}.Debug|Any CPU.Build.0 = Debug|Any CPU
		{31D7A45F-49F3-4A11-8A0A-B73C7399EF3B}.Release|Any CPU.ActiveCfg = Release|Any CPU
		{31D7A45F-49F3-4A11-8A0A-B73C7399EF3B}.Release|Any CPU.Build.0 = Release|Any CPU
		{46E50AC9-D60B-4542-AD89-FB2C18988B28}.Debug|Any CPU.ActiveCfg = Debug|Any CPU
		{46E50AC9-D60B-4542-AD89-FB2C18988B28}.Debug|Any CPU.Build.0 = Debug|Any CPU
		{46E50AC9-D60B-4542-AD89-FB2C18988B28}.Release|Any CPU.ActiveCfg = Release|Any CPU
		{46E50AC9-D60B-4542-AD89-FB2C18988B28}.Release|Any CPU.Build.0 = Release|Any CPU
		{FEC4383A-E9D2-4009-B805-85D82EE854B6}.Debug|Any CPU.ActiveCfg = Debug|Any CPU
		{FEC4383A-E9D2-4009-B805-85D82EE854B6}.Debug|Any CPU.Build.0 = Debug|Any CPU
		{FEC4383A-E9D2-4009-B805-85D82EE854B6}.Release|Any CPU.ActiveCfg = Release|Any CPU
		{FEC4383A-E9D2-4009-B805-85D82EE854B6}.Release|Any CPU.Build.0 = Release|Any CPU
		{D987DC97-17BB-4B04-90AC-5CF510D83397}.Debug|Any CPU.ActiveCfg = Debug|Any CPU
		{D987DC97-17BB-4B04-90AC-5CF510D83397}.Debug|Any CPU.Build.0 = Debug|Any CPU
		{D987DC97-17BB-4B04-90AC-5CF510D83397}.Release|Any CPU.ActiveCfg = Release|Any CPU
		{D987DC97-17BB-4B04-90AC-5CF510D83397}.Release|Any CPU.Build.0 = Release|Any CPU
		{7FFB30E6-2D31-479F-9D5B-B543B9B77645}.Debug|Any CPU.ActiveCfg = Debug|Any CPU
		{7FFB30E6-2D31-479F-9D5B-B543B9B77645}.Debug|Any CPU.Build.0 = Debug|Any CPU
		{7FFB30E6-2D31-479F-9D5B-B543B9B77645}.Release|Any CPU.ActiveCfg = Release|Any CPU
		{7FFB30E6-2D31-479F-9D5B-B543B9B77645}.Release|Any CPU.Build.0 = Release|Any CPU
		{2F9169A4-8045-4B52-BBF7-8CBD4598705A}.Debug|Any CPU.ActiveCfg = Debug|Any CPU
		{2F9169A4-8045-4B52-BBF7-8CBD4598705A}.Debug|Any CPU.Build.0 = Debug|Any CPU
		{2F9169A4-8045-4B52-BBF7-8CBD4598705A}.Release|Any CPU.ActiveCfg = Release|Any CPU
		{2F9169A4-8045-4B52-BBF7-8CBD4598705A}.Release|Any CPU.Build.0 = Release|Any CPU
		{5027D28A-04A9-40BD-B59B-2D5185E9A0E7}.Debug|Any CPU.ActiveCfg = Debug|Any CPU
		{5027D28A-04A9-40BD-B59B-2D5185E9A0E7}.Debug|Any CPU.Build.0 = Debug|Any CPU
		{5027D28A-04A9-40BD-B59B-2D5185E9A0E7}.Release|Any CPU.ActiveCfg = Release|Any CPU
		{5027D28A-04A9-40BD-B59B-2D5185E9A0E7}.Release|Any CPU.Build.0 = Release|Any CPU
		{97DDE8BD-FE9D-4168-B4D8-6B286F4F3803}.Debug|Any CPU.ActiveCfg = Debug|Any CPU
		{97DDE8BD-FE9D-4168-B4D8-6B286F4F3803}.Debug|Any CPU.Build.0 = Debug|Any CPU
		{97DDE8BD-FE9D-4168-B4D8-6B286F4F3803}.Release|Any CPU.ActiveCfg = Release|Any CPU
		{97DDE8BD-FE9D-4168-B4D8-6B286F4F3803}.Release|Any CPU.Build.0 = Release|Any CPU
		{82F6B651-AC39-4842-B659-ED9B3E5FE2B3}.Debug|Any CPU.ActiveCfg = Debug|Any CPU
		{82F6B651-AC39-4842-B659-ED9B3E5FE2B3}.Debug|Any CPU.Build.0 = Debug|Any CPU
		{82F6B651-AC39-4842-B659-ED9B3E5FE2B3}.Release|Any CPU.ActiveCfg = Release|Any CPU
		{82F6B651-AC39-4842-B659-ED9B3E5FE2B3}.Release|Any CPU.Build.0 = Release|Any CPU
		{B10AC700-8088-4CEB-9632-182F1F0BB3D4}.Debug|Any CPU.ActiveCfg = Debug|Any CPU
		{B10AC700-8088-4CEB-9632-182F1F0BB3D4}.Debug|Any CPU.Build.0 = Debug|Any CPU
		{B10AC700-8088-4CEB-9632-182F1F0BB3D4}.Release|Any CPU.ActiveCfg = Release|Any CPU
		{B10AC700-8088-4CEB-9632-182F1F0BB3D4}.Release|Any CPU.Build.0 = Release|Any CPU
		{F3314A44-1F0B-4DC5-A53B-212C968F92DB}.Debug|Any CPU.ActiveCfg = Debug|Any CPU
		{F3314A44-1F0B-4DC5-A53B-212C968F92DB}.Debug|Any CPU.Build.0 = Debug|Any CPU
		{F3314A44-1F0B-4DC5-A53B-212C968F92DB}.Release|Any CPU.ActiveCfg = Release|Any CPU
		{F3314A44-1F0B-4DC5-A53B-212C968F92DB}.Release|Any CPU.Build.0 = Release|Any CPU
		{E62EBAD2-EAA2-4E7B-9E95-1C4E72B0E85B}.Debug|Any CPU.ActiveCfg = Debug|Any CPU
		{E62EBAD2-EAA2-4E7B-9E95-1C4E72B0E85B}.Debug|Any CPU.Build.0 = Debug|Any CPU
		{E62EBAD2-EAA2-4E7B-9E95-1C4E72B0E85B}.Release|Any CPU.ActiveCfg = Release|Any CPU
		{E62EBAD2-EAA2-4E7B-9E95-1C4E72B0E85B}.Release|Any CPU.Build.0 = Release|Any CPU
		{17A8E39A-A6E2-4CDE-9140-266EF5B5339A}.Debug|Any CPU.ActiveCfg = Debug|Any CPU
		{17A8E39A-A6E2-4CDE-9140-266EF5B5339A}.Debug|Any CPU.Build.0 = Debug|Any CPU
		{17A8E39A-A6E2-4CDE-9140-266EF5B5339A}.Release|Any CPU.ActiveCfg = Release|Any CPU
		{17A8E39A-A6E2-4CDE-9140-266EF5B5339A}.Release|Any CPU.Build.0 = Release|Any CPU
		{EDCEB886-DF9F-4268-AD89-82EFEAF28C81}.Debug|Any CPU.ActiveCfg = Debug|Any CPU
		{EDCEB886-DF9F-4268-AD89-82EFEAF28C81}.Debug|Any CPU.Build.0 = Debug|Any CPU
		{EDCEB886-DF9F-4268-AD89-82EFEAF28C81}.Release|Any CPU.ActiveCfg = Release|Any CPU
		{EDCEB886-DF9F-4268-AD89-82EFEAF28C81}.Release|Any CPU.Build.0 = Release|Any CPU
		{B227F0AE-8DDA-42B8-9E79-E1D2BCDE39CB}.Debug|Any CPU.ActiveCfg = Debug|Any CPU
		{B227F0AE-8DDA-42B8-9E79-E1D2BCDE39CB}.Debug|Any CPU.Build.0 = Debug|Any CPU
		{B227F0AE-8DDA-42B8-9E79-E1D2BCDE39CB}.Release|Any CPU.ActiveCfg = Release|Any CPU
		{B227F0AE-8DDA-42B8-9E79-E1D2BCDE39CB}.Release|Any CPU.Build.0 = Release|Any CPU
	EndGlobalSection
	GlobalSection(SolutionProperties) = preSolution
		HideSolutionNode = FALSE
	EndGlobalSection
	GlobalSection(NestedProjects) = preSolution
		{97DDE8BD-FE9D-4168-B4D8-6B286F4F3803} = {239147DB-6FD0-47D7-9EC4-5EC1F41F4785}
		{82F6B651-AC39-4842-B659-ED9B3E5FE2B3} = {239147DB-6FD0-47D7-9EC4-5EC1F41F4785}
		{B10AC700-8088-4CEB-9632-182F1F0BB3D4} = {E53C49A5-66A9-47E3-BF23-69866A7B8482}
		{F3314A44-1F0B-4DC5-A53B-212C968F92DB} = {E53C49A5-66A9-47E3-BF23-69866A7B8482}
		{E62EBAD2-EAA2-4E7B-9E95-1C4E72B0E85B} = {E53C49A5-66A9-47E3-BF23-69866A7B8482}
		{17A8E39A-A6E2-4CDE-9140-266EF5B5339A} = {E53C49A5-66A9-47E3-BF23-69866A7B8482}
		{B227F0AE-8DDA-42B8-9E79-E1D2BCDE39CB} = {E53C49A5-66A9-47E3-BF23-69866A7B8482}
		{428D2966-076A-4143-B886-9CE0804B72F6} = {D5048DAF-9346-4C5C-BD07-A4491DF20A7E}
		{71BDA0AE-D711-4173-A87F-14632DE8C220} = {D5048DAF-9346-4C5C-BD07-A4491DF20A7E}
		{DE230C23-D378-4B95-AD90-48F4444451BA} = {D5048DAF-9346-4C5C-BD07-A4491DF20A7E}
		{7890B255-DA15-4040-9B6A-7F116FE0867B} = {D5048DAF-9346-4C5C-BD07-A4491DF20A7E}
		{57614C50-A8EE-4C05-93E8-D21DFD5DA689} = {D5048DAF-9346-4C5C-BD07-A4491DF20A7E}
		{5F1A11D4-DD13-4C26-91BC-97C057D3DE5C} = {D5048DAF-9346-4C5C-BD07-A4491DF20A7E}
		{31D7A45F-49F3-4A11-8A0A-B73C7399EF3B} = {D5048DAF-9346-4C5C-BD07-A4491DF20A7E}
		{46E50AC9-D60B-4542-AD89-FB2C18988B28} = {D5048DAF-9346-4C5C-BD07-A4491DF20A7E}
		{FEC4383A-E9D2-4009-B805-85D82EE854B6} = {D5048DAF-9346-4C5C-BD07-A4491DF20A7E}
		{D987DC97-17BB-4B04-90AC-5CF510D83397} = {D5048DAF-9346-4C5C-BD07-A4491DF20A7E}
		{7FFB30E6-2D31-479F-9D5B-B543B9B77645} = {D5048DAF-9346-4C5C-BD07-A4491DF20A7E}
		{2F9169A4-8045-4B52-BBF7-8CBD4598705A} = {D5048DAF-9346-4C5C-BD07-A4491DF20A7E}
		{5027D28A-04A9-40BD-B59B-2D5185E9A0E7} = {D5048DAF-9346-4C5C-BD07-A4491DF20A7E}
		{EDCEB886-DF9F-4268-AD89-82EFEAF28C81} = {D5048DAF-9346-4C5C-BD07-A4491DF20A7E}
	EndGlobalSection
EndGlobal
